# THIS IS AN AUTOGENERATED FILE. DO NOT EDIT THIS FILE DIRECTLY.
# yarn lockfile v1


commander@~1.1.1:
  version "1.1.1"
  resolved "https://registry.yarnpkg.com/commander/-/commander-1.1.1.tgz#50d1651868ae60eccff0a2d9f34595376bc6b041"
  dependencies:
    keypress "0.1.x"

keypress@0.1.x:
  version "0.1.0"
  resolved "https://registry.yarnpkg.com/keypress/-/keypress-0.1.0.tgz#4a3188d4291b66b4f65edb99f806aa9ae293592a"

nan@~2.3.0:
  version "2.3.5"
  resolved "https://registry.yarnpkg.com/nan/-/nan-2.3.5.tgz#822a0dc266290ce4cd3a12282ca3e7e364668a08"

nodejieba@^2.2.1:
  version "2.2.5"
  resolved "https://registry.yarnpkg.com/nodejieba/-/nodejieba-2.2.5.tgz#821441a683fad25ebd2c8dde1401dd43dbeb027a"
  dependencies:
    nan "~2.3.0"

object-assign@^4.0.1:
  version "4.1.1"
  resolved "https://registry.yarnpkg.com/object-assign/-/object-assign-4.1.1.tgz#2109adc7965887cfc05cbbd442cac8bfbb360863"

pinyin@^2.8.3:
  version "2.8.3"
  resolved "https://registry.yarnpkg.com/pinyin/-/pinyin-2.8.3.tgz#301ccb4358ccfe802523c4bd640a612bee4d7c4b"
  dependencies:
    commander "~1.1.1"
    object-assign "^4.0.1"
  optionalDependencies:
    nodejieba "^2.2.1"
